// !$*UTF8*$!
{
	archiveVersion = 1;
	classes = {
	};
	objectVersion = 56;
	objects = {

/* Begin PBXBuildFile section */
		5618AAB72A783C900053BAE3 /* AppDelegate.swift in Sources */ = {isa = PBXBuildFile; fileRef = 5618AAB62A783C900053BAE3 /* AppDelegate.swift */; };
		5618AAB92A783C900053BAE3 /* SceneDelegate.swift in Sources */ = {isa = PBXBuildFile; fileRef = 5618AAB82A783C900053BAE3 /* SceneDelegate.swift */; };
		5618AAC12A783C900053BAE3 /* Tracker.xcdatamodeld in Sources */ = {isa = PBXBuildFile; fileRef = 5618AABF2A783C900053BAE3 /* Tracker.xcdatamodeld */; };
		5618AAC32A783C910053BAE3 /* Assets.xcassets in Resources */ = {isa = PBXBuildFile; fileRef = 5618AAC22A783C910053BAE3 /* Assets.xcassets */; };
		5618AAC62A783C910053BAE3 /* LaunchScreen.storyboard in Resources */ = {isa = PBXBuildFile; fileRef = 5618AAC42A783C910053BAE3 /* LaunchScreen.storyboard */; };
		5618AAD12A783C910053BAE3 /* TrackerTests.swift in Sources */ = {isa = PBXBuildFile; fileRef = 5618AAD02A783C910053BAE3 /* TrackerTests.swift */; };
		5618AADB2A783C910053BAE3 /* TrackerUITests.swift in Sources */ = {isa = PBXBuildFile; fileRef = 5618AADA2A783C910053BAE3 /* TrackerUITests.swift */; };
		5618AADD2A783C910053BAE3 /* TrackerUITestsLaunchTests.swift in Sources */ = {isa = PBXBuildFile; fileRef = 5618AADC2A783C910053BAE3 /* TrackerUITestsLaunchTests.swift */; };
		5618AAEA2A798A7D0053BAE3 /* TrackersViewController.swift in Sources */ = {isa = PBXBuildFile; fileRef = 5618AAE92A798A7D0053BAE3 /* TrackersViewController.swift */; };
		5618AAEC2A798D150053BAE3 /* StatisticsViewController.swift in Sources */ = {isa = PBXBuildFile; fileRef = 5618AAEB2A798D150053BAE3 /* StatisticsViewController.swift */; };
		5618AAEE2A798E2B0053BAE3 /* TabBarController.swift in Sources */ = {isa = PBXBuildFile; fileRef = 5618AAED2A798E2B0053BAE3 /* TabBarController.swift */; };
		56B594192A854C5A00727070 /* CreateTrackerViewController.swift in Sources */ = {isa = PBXBuildFile; fileRef = 56B594182A854C5A00727070 /* CreateTrackerViewController.swift */; };
		56B5941B2A854C8700727070 /* CreateEventViewController.swift in Sources */ = {isa = PBXBuildFile; fileRef = 56B5941A2A854C8700727070 /* CreateEventViewController.swift */; };
		56B5941D2A854CCA00727070 /* ScheduleViewController.swift in Sources */ = {isa = PBXBuildFile; fileRef = 56B5941C2A854CCA00727070 /* ScheduleViewController.swift */; };
		56B5941F2A854CDE00727070 /* WeekDayTableView.swift in Sources */ = {isa = PBXBuildFile; fileRef = 56B5941E2A854CDE00727070 /* WeekDayTableView.swift */; };
		56B594212A854CF100727070 /* MockData.swift in Sources */ = {isa = PBXBuildFile; fileRef = 56B594202A854CF100727070 /* MockData.swift */; };
		56B594232A854D0400727070 /* EnumWeekDay.swift in Sources */ = {isa = PBXBuildFile; fileRef = 56B594222A854D0400727070 /* EnumWeekDay.swift */; };
		56B594252A854D1900727070 /* TrackerStruct.swift in Sources */ = {isa = PBXBuildFile; fileRef = 56B594242A854D1900727070 /* TrackerStruct.swift */; };
		56B594272A854D2400727070 /* TrackerCategoryStruct.swift in Sources */ = {isa = PBXBuildFile; fileRef = 56B594262A854D2400727070 /* TrackerCategoryStruct.swift */; };
		56B594292A854D3100727070 /* TrackerRecordStruct.swift in Sources */ = {isa = PBXBuildFile; fileRef = 56B594282A854D3100727070 /* TrackerRecordStruct.swift */; };
		56B5942B2A854D5600727070 /* ColorExtension.swift in Sources */ = {isa = PBXBuildFile; fileRef = 56B5942A2A854D5600727070 /* ColorExtension.swift */; };
		56B5942D2A854D7200727070 /* DateExtension.swift in Sources */ = {isa = PBXBuildFile; fileRef = 56B5942C2A854D7200727070 /* DateExtension.swift */; };
		56B5942F2A85506400727070 /* TrackersCollectionViewCell.swift in Sources */ = {isa = PBXBuildFile; fileRef = 56B5942E2A85506400727070 /* TrackersCollectionViewCell.swift */; };
		56B594312A85506F00727070 /* TrackersSupplementaryView.swift in Sources */ = {isa = PBXBuildFile; fileRef = 56B594302A85506F00727070 /* TrackersSupplementaryView.swift */; };
		56B594332A8550F300727070 /* CategoryViewController.swift in Sources */ = {isa = PBXBuildFile; fileRef = 56B594322A8550F300727070 /* CategoryViewController.swift */; };
		56B594352A85510200727070 /* CategoryTableView.swift in Sources */ = {isa = PBXBuildFile; fileRef = 56B594342A85510200727070 /* CategoryTableView.swift */; };
/* End PBXBuildFile section */

/* Begin PBXContainerItemProxy section */
		5618AACD2A783C910053BAE3 /* PBXContainerItemProxy */ = {
			isa = PBXContainerItemProxy;
			containerPortal = 5618AAAB2A783C900053BAE3 /* Project object */;
			proxyType = 1;
			remoteGlobalIDString = 5618AAB22A783C900053BAE3;
			remoteInfo = Tracker;
		};
		5618AAD72A783C910053BAE3 /* PBXContainerItemProxy */ = {
			isa = PBXContainerItemProxy;
			containerPortal = 5618AAAB2A783C900053BAE3 /* Project object */;
			proxyType = 1;
			remoteGlobalIDString = 5618AAB22A783C900053BAE3;
			remoteInfo = Tracker;
		};
/* End PBXContainerItemProxy section */

/* Begin PBXFileReference section */
		5618AAB32A783C900053BAE3 /* Tracker.app */ = {isa = PBXFileReference; explicitFileType = wrapper.application; includeInIndex = 0; path = Tracker.app; sourceTree = BUILT_PRODUCTS_DIR; };
		5618AAB62A783C900053BAE3 /* AppDelegate.swift */ = {isa = PBXFileReference; lastKnownFileType = sourcecode.swift; path = AppDelegate.swift; sourceTree = "<group>"; };
		5618AAB82A783C900053BAE3 /* SceneDelegate.swift */ = {isa = PBXFileReference; lastKnownFileType = sourcecode.swift; path = SceneDelegate.swift; sourceTree = "<group>"; };
		5618AAC02A783C900053BAE3 /* Tracker.xcdatamodel */ = {isa = PBXFileReference; lastKnownFileType = wrapper.xcdatamodel; path = Tracker.xcdatamodel; sourceTree = "<group>"; };
		5618AAC22A783C910053BAE3 /* Assets.xcassets */ = {isa = PBXFileReference; lastKnownFileType = folder.assetcatalog; path = Assets.xcassets; sourceTree = "<group>"; };
		5618AAC52A783C910053BAE3 /* Base */ = {isa = PBXFileReference; lastKnownFileType = file.storyboard; name = Base; path = Base.lproj/LaunchScreen.storyboard; sourceTree = "<group>"; };
		5618AAC72A783C910053BAE3 /* Info.plist */ = {isa = PBXFileReference; lastKnownFileType = text.plist.xml; path = Info.plist; sourceTree = "<group>"; };
		5618AACC2A783C910053BAE3 /* TrackerTests.xctest */ = {isa = PBXFileReference; explicitFileType = wrapper.cfbundle; includeInIndex = 0; path = TrackerTests.xctest; sourceTree = BUILT_PRODUCTS_DIR; };
		5618AAD02A783C910053BAE3 /* TrackerTests.swift */ = {isa = PBXFileReference; lastKnownFileType = sourcecode.swift; path = TrackerTests.swift; sourceTree = "<group>"; };
		5618AAD62A783C910053BAE3 /* TrackerUITests.xctest */ = {isa = PBXFileReference; explicitFileType = wrapper.cfbundle; includeInIndex = 0; path = TrackerUITests.xctest; sourceTree = BUILT_PRODUCTS_DIR; };
		5618AADA2A783C910053BAE3 /* TrackerUITests.swift */ = {isa = PBXFileReference; lastKnownFileType = sourcecode.swift; path = TrackerUITests.swift; sourceTree = "<group>"; };
		5618AADC2A783C910053BAE3 /* TrackerUITestsLaunchTests.swift */ = {isa = PBXFileReference; lastKnownFileType = sourcecode.swift; path = TrackerUITestsLaunchTests.swift; sourceTree = "<group>"; };
		5618AAE92A798A7D0053BAE3 /* TrackersViewController.swift */ = {isa = PBXFileReference; lastKnownFileType = sourcecode.swift; path = TrackersViewController.swift; sourceTree = "<group>"; };
		5618AAEB2A798D150053BAE3 /* StatisticsViewController.swift */ = {isa = PBXFileReference; lastKnownFileType = sourcecode.swift; path = StatisticsViewController.swift; sourceTree = "<group>"; };
		5618AAED2A798E2B0053BAE3 /* TabBarController.swift */ = {isa = PBXFileReference; lastKnownFileType = sourcecode.swift; path = TabBarController.swift; sourceTree = "<group>"; };
		56B594182A854C5A00727070 /* CreateTrackerViewController.swift */ = {isa = PBXFileReference; lastKnownFileType = sourcecode.swift; path = CreateTrackerViewController.swift; sourceTree = "<group>"; };
		56B5941A2A854C8700727070 /* CreateEventViewController.swift */ = {isa = PBXFileReference; lastKnownFileType = sourcecode.swift; path = CreateEventViewController.swift; sourceTree = "<group>"; };
		56B5941C2A854CCA00727070 /* ScheduleViewController.swift */ = {isa = PBXFileReference; lastKnownFileType = sourcecode.swift; path = ScheduleViewController.swift; sourceTree = "<group>"; };
		56B5941E2A854CDE00727070 /* WeekDayTableView.swift */ = {isa = PBXFileReference; lastKnownFileType = sourcecode.swift; path = WeekDayTableView.swift; sourceTree = "<group>"; };
		56B594202A854CF100727070 /* MockData.swift */ = {isa = PBXFileReference; lastKnownFileType = sourcecode.swift; path = MockData.swift; sourceTree = "<group>"; };
		56B594222A854D0400727070 /* EnumWeekDay.swift */ = {isa = PBXFileReference; lastKnownFileType = sourcecode.swift; path = EnumWeekDay.swift; sourceTree = "<group>"; };
		56B594242A854D1900727070 /* TrackerStruct.swift */ = {isa = PBXFileReference; lastKnownFileType = sourcecode.swift; path = TrackerStruct.swift; sourceTree = "<group>"; };
		56B594262A854D2400727070 /* TrackerCategoryStruct.swift */ = {isa = PBXFileReference; lastKnownFileType = sourcecode.swift; path = TrackerCategoryStruct.swift; sourceTree = "<group>"; };
		56B594282A854D3100727070 /* TrackerRecordStruct.swift */ = {isa = PBXFileReference; lastKnownFileType = sourcecode.swift; path = TrackerRecordStruct.swift; sourceTree = "<group>"; };
		56B5942A2A854D5600727070 /* ColorExtension.swift */ = {isa = PBXFileReference; lastKnownFileType = sourcecode.swift; path = ColorExtension.swift; sourceTree = "<group>"; };
		56B5942C2A854D7200727070 /* DateExtension.swift */ = {isa = PBXFileReference; lastKnownFileType = sourcecode.swift; path = DateExtension.swift; sourceTree = "<group>"; };
		56B5942E2A85506400727070 /* TrackersCollectionViewCell.swift */ = {isa = PBXFileReference; lastKnownFileType = sourcecode.swift; path = TrackersCollectionViewCell.swift; sourceTree = "<group>"; };
		56B594302A85506F00727070 /* TrackersSupplementaryView.swift */ = {isa = PBXFileReference; lastKnownFileType = sourcecode.swift; path = TrackersSupplementaryView.swift; sourceTree = "<group>"; };
		56B594322A8550F300727070 /* CategoryViewController.swift */ = {isa = PBXFileReference; lastKnownFileType = sourcecode.swift; path = CategoryViewController.swift; sourceTree = "<group>"; };
		56B594342A85510200727070 /* CategoryTableView.swift */ = {isa = PBXFileReference; lastKnownFileType = sourcecode.swift; path = CategoryTableView.swift; sourceTree = "<group>"; };
/* End PBXFileReference section */

/* Begin PBXFrameworksBuildPhase section */
		5618AAB02A783C900053BAE3 /* Frameworks */ = {
			isa = PBXFrameworksBuildPhase;
			buildActionMask = 2147483647;
			files = (
			);
			runOnlyForDeploymentPostprocessing = 0;
		};
		5618AAC92A783C910053BAE3 /* Frameworks */ = {
			isa = PBXFrameworksBuildPhase;
			buildActionMask = 2147483647;
			files = (
			);
			runOnlyForDeploymentPostprocessing = 0;
		};
		5618AAD32A783C910053BAE3 /* Frameworks */ = {
			isa = PBXFrameworksBuildPhase;
			buildActionMask = 2147483647;
			files = (
			);
			runOnlyForDeploymentPostprocessing = 0;
		};
/* End PBXFrameworksBuildPhase section */

/* Begin PBXGroup section */
		5618AAAA2A783C900053BAE3 = {
			isa = PBXGroup;
			children = (
				5618AAB52A783C900053BAE3 /* Tracker */,
				5618AACF2A783C910053BAE3 /* TrackerTests */,
				5618AAD92A783C910053BAE3 /* TrackerUITests */,
				5618AAB42A783C900053BAE3 /* Products */,
			);
			sourceTree = "<group>";
		};
		5618AAB42A783C900053BAE3 /* Products */ = {
			isa = PBXGroup;
			children = (
				5618AAB32A783C900053BAE3 /* Tracker.app */,
				5618AACC2A783C910053BAE3 /* TrackerTests.xctest */,
				5618AAD62A783C910053BAE3 /* TrackerUITests.xctest */,
			);
			name = Products;
			sourceTree = "<group>";
		};
		5618AAB52A783C900053BAE3 /* Tracker */ = {
			isa = PBXGroup;
			children = (
				5618AAB62A783C900053BAE3 /* AppDelegate.swift */,
				5618AAB82A783C900053BAE3 /* SceneDelegate.swift */,
				5618AAED2A798E2B0053BAE3 /* TabBarController.swift */,
				56B594202A854CF100727070 /* MockData.swift */,
				5618AAE92A798A7D0053BAE3 /* TrackersViewController.swift */,
				56B594182A854C5A00727070 /* CreateTrackerViewController.swift */,
				56B5941A2A854C8700727070 /* CreateEventViewController.swift */,
				56B5943B2A86C09800727070 /* WeekShedule */,
				56B5943A2A86C05000727070 /* Statistics */,
				56B594392A86C03D00727070 /* Category */,
				56B594382A86C01500727070 /* TrackerCollectionView */,
				56B594372A86C00300727070 /* Helper */,
				56B594362A86BFDD00727070 /* Structs */,
				5618AAC22A783C910053BAE3 /* Assets.xcassets */,
				5618AAC42A783C910053BAE3 /* LaunchScreen.storyboard */,
				5618AAC72A783C910053BAE3 /* Info.plist */,
				5618AABF2A783C900053BAE3 /* Tracker.xcdatamodeld */,
			);
			path = Tracker;
			sourceTree = "<group>";
		};
		5618AACF2A783C910053BAE3 /* TrackerTests */ = {
			isa = PBXGroup;
			children = (
				5618AAD02A783C910053BAE3 /* TrackerTests.swift */,
			);
			path = TrackerTests;
			sourceTree = "<group>";
		};
		5618AAD92A783C910053BAE3 /* TrackerUITests */ = {
			isa = PBXGroup;
			children = (
				5618AADA2A783C910053BAE3 /* TrackerUITests.swift */,
				5618AADC2A783C910053BAE3 /* TrackerUITestsLaunchTests.swift */,
			);
			path = TrackerUITests;
			sourceTree = "<group>";
		};
		56B594362A86BFDD00727070 /* Structs */ = {
			isa = PBXGroup;
			children = (
				56B594242A854D1900727070 /* TrackerStruct.swift */,
				56B594262A854D2400727070 /* TrackerCategoryStruct.swift */,
				56B594282A854D3100727070 /* TrackerRecordStruct.swift */,
			);
			path = Structs;
			sourceTree = "<group>";
		};
		56B594372A86C00300727070 /* Helper */ = {
			isa = PBXGroup;
			children = (
				56B5942A2A854D5600727070 /* ColorExtension.swift */,
				56B5942C2A854D7200727070 /* DateExtension.swift */,
			);
			path = Helper;
			sourceTree = "<group>";
		};
		56B594382A86C01500727070 /* TrackerCollectionView */ = {
			isa = PBXGroup;
			children = (
				56B5942E2A85506400727070 /* TrackersCollectionViewCell.swift */,
				56B594302A85506F00727070 /* TrackersSupplementaryView.swift */,
			);
			path = TrackerCollectionView;
			sourceTree = "<group>";
		};
		56B594392A86C03D00727070 /* Category */ = {
			isa = PBXGroup;
			children = (
				56B594322A8550F300727070 /* CategoryViewController.swift */,
				56B594342A85510200727070 /* CategoryTableView.swift */,
			);
			path = Category;
			sourceTree = "<group>";
		};
		56B5943A2A86C05000727070 /* Statistics */ = {
			isa = PBXGroup;
			children = (
				5618AAEB2A798D150053BAE3 /* StatisticsViewController.swift */,
			);
			path = Statistics;
			sourceTree = "<group>";
		};
		56B5943B2A86C09800727070 /* WeekShedule */ = {
			isa = PBXGroup;
			children = (
				56B594222A854D0400727070 /* EnumWeekDay.swift */,
				56B5941C2A854CCA00727070 /* ScheduleViewController.swift */,
				56B5941E2A854CDE00727070 /* WeekDayTableView.swift */,
			);
			path = WeekShedule;
			sourceTree = "<group>";
		};
/* End PBXGroup section */

/* Begin PBXNativeTarget section */
		5618AAB22A783C900053BAE3 /* Tracker */ = {
			isa = PBXNativeTarget;
			buildConfigurationList = 5618AAE02A783C910053BAE3 /* Build configuration list for PBXNativeTarget "Tracker" */;
			buildPhases = (
				5618AAAF2A783C900053BAE3 /* Sources */,
				5618AAB02A783C900053BAE3 /* Frameworks */,
				5618AAB12A783C900053BAE3 /* Resources */,
			);
			buildRules = (
			);
			dependencies = (
			);
			name = Tracker;
			productName = Tracker;
			productReference = 5618AAB32A783C900053BAE3 /* Tracker.app */;
			productType = "com.apple.product-type.application";
		};
		5618AACB2A783C910053BAE3 /* TrackerTests */ = {
			isa = PBXNativeTarget;
			buildConfigurationList = 5618AAE32A783C910053BAE3 /* Build configuration list for PBXNativeTarget "TrackerTests" */;
			buildPhases = (
				5618AAC82A783C910053BAE3 /* Sources */,
				5618AAC92A783C910053BAE3 /* Frameworks */,
				5618AACA2A783C910053BAE3 /* Resources */,
			);
			buildRules = (
			);
			dependencies = (
				5618AACE2A783C910053BAE3 /* PBXTargetDependency */,
			);
			name = TrackerTests;
			productName = TrackerTests;
			productReference = 5618AACC2A783C910053BAE3 /* TrackerTests.xctest */;
			productType = "com.apple.product-type.bundle.unit-test";
		};
		5618AAD52A783C910053BAE3 /* TrackerUITests */ = {
			isa = PBXNativeTarget;
			buildConfigurationList = 5618AAE62A783C910053BAE3 /* Build configuration list for PBXNativeTarget "TrackerUITests" */;
			buildPhases = (
				5618AAD22A783C910053BAE3 /* Sources */,
				5618AAD32A783C910053BAE3 /* Frameworks */,
				5618AAD42A783C910053BAE3 /* Resources */,
			);
			buildRules = (
			);
			dependencies = (
				5618AAD82A783C910053BAE3 /* PBXTargetDependency */,
			);
			name = TrackerUITests;
			productName = TrackerUITests;
			productReference = 5618AAD62A783C910053BAE3 /* TrackerUITests.xctest */;
			productType = "com.apple.product-type.bundle.ui-testing";
		};
/* End PBXNativeTarget section */

/* Begin PBXProject section */
		5618AAAB2A783C900053BAE3 /* Project object */ = {
			isa = PBXProject;
			attributes = {
				BuildIndependentTargetsInParallel = 1;
				LastSwiftUpdateCheck = 1430;
				LastUpgradeCheck = 1430;
				TargetAttributes = {
					5618AAB22A783C900053BAE3 = {
						CreatedOnToolsVersion = 14.3.1;
					};
					5618AACB2A783C910053BAE3 = {
						CreatedOnToolsVersion = 14.3.1;
						TestTargetID = 5618AAB22A783C900053BAE3;
					};
					5618AAD52A783C910053BAE3 = {
						CreatedOnToolsVersion = 14.3.1;
						TestTargetID = 5618AAB22A783C900053BAE3;
					};
				};
			};
			buildConfigurationList = 5618AAAE2A783C900053BAE3 /* Build configuration list for PBXProject "Tracker" */;
			compatibilityVersion = "Xcode 14.0";
			developmentRegion = en;
			hasScannedForEncodings = 0;
			knownRegions = (
				en,
				Base,
			);
			mainGroup = 5618AAAA2A783C900053BAE3;
			productRefGroup = 5618AAB42A783C900053BAE3 /* Products */;
			projectDirPath = "";
			projectRoot = "";
			targets = (
				5618AAB22A783C900053BAE3 /* Tracker */,
				5618AACB2A783C910053BAE3 /* TrackerTests */,
				5618AAD52A783C910053BAE3 /* TrackerUITests */,
			);
		};
/* End PBXProject section */

/* Begin PBXResourcesBuildPhase section */
		5618AAB12A783C900053BAE3 /* Resources */ = {
			isa = PBXResourcesBuildPhase;
			buildActionMask = 2147483647;
			files = (
				5618AAC62A783C910053BAE3 /* LaunchScreen.storyboard in Resources */,
				5618AAC32A783C910053BAE3 /* Assets.xcassets in Resources */,
			);
			runOnlyForDeploymentPostprocessing = 0;
		};
		5618AACA2A783C910053BAE3 /* Resources */ = {
			isa = PBXResourcesBuildPhase;
			buildActionMask = 2147483647;
			files = (
			);
			runOnlyForDeploymentPostprocessing = 0;
		};
		5618AAD42A783C910053BAE3 /* Resources */ = {
			isa = PBXResourcesBuildPhase;
			buildActionMask = 2147483647;
			files = (
			);
			runOnlyForDeploymentPostprocessing = 0;
		};
/* End PBXResourcesBuildPhase section */

/* Begin PBXSourcesBuildPhase section */
		5618AAAF2A783C900053BAE3 /* Sources */ = {
			isa = PBXSourcesBuildPhase;
			buildActionMask = 2147483647;
			files = (
				5618AAC12A783C900053BAE3 /* Tracker.xcdatamodeld in Sources */,
				56B594212A854CF100727070 /* MockData.swift in Sources */,
				56B594232A854D0400727070 /* EnumWeekDay.swift in Sources */,
				56B594192A854C5A00727070 /* CreateTrackerViewController.swift in Sources */,
				56B5941F2A854CDE00727070 /* WeekDayTableView.swift in Sources */,
				5618AAEC2A798D150053BAE3 /* StatisticsViewController.swift in Sources */,
				56B5942B2A854D5600727070 /* ColorExtension.swift in Sources */,
				56B594252A854D1900727070 /* TrackerStruct.swift in Sources */,
				56B5942F2A85506400727070 /* TrackersCollectionViewCell.swift in Sources */,
				5618AAEA2A798A7D0053BAE3 /* TrackersViewController.swift in Sources */,
				56B594292A854D3100727070 /* TrackerRecordStruct.swift in Sources */,
				56B594272A854D2400727070 /* TrackerCategoryStruct.swift in Sources */,
				56B5941D2A854CCA00727070 /* ScheduleViewController.swift in Sources */,
				56B5942D2A854D7200727070 /* DateExtension.swift in Sources */,
				5618AAEE2A798E2B0053BAE3 /* TabBarController.swift in Sources */,
				56B594332A8550F300727070 /* CategoryViewController.swift in Sources */,
				56B594352A85510200727070 /* CategoryTableView.swift in Sources */,
				5618AAB72A783C900053BAE3 /* AppDelegate.swift in Sources */,
				56B594312A85506F00727070 /* TrackersSupplementaryView.swift in Sources */,
				5618AAB92A783C900053BAE3 /* SceneDelegate.swift in Sources */,
				56B5941B2A854C8700727070 /* CreateEventViewController.swift in Sources */,
			);
			runOnlyForDeploymentPostprocessing = 0;
		};
		5618AAC82A783C910053BAE3 /* Sources */ = {
			isa = PBXSourcesBuildPhase;
			buildActionMask = 2147483647;
			files = (
				5618AAD12A783C910053BAE3 /* TrackerTests.swift in Sources */,
			);
			runOnlyForDeploymentPostprocessing = 0;
		};
		5618AAD22A783C910053BAE3 /* Sources */ = {
			isa = PBXSourcesBuildPhase;
			buildActionMask = 2147483647;
			files = (
				5618AADB2A783C910053BAE3 /* TrackerUITests.swift in Sources */,
				5618AADD2A783C910053BAE3 /* TrackerUITestsLaunchTests.swift in Sources */,
			);
			runOnlyForDeploymentPostprocessing = 0;
		};
/* End PBXSourcesBuildPhase section */

/* Begin PBXTargetDependency section */
		5618AACE2A783C910053BAE3 /* PBXTargetDependency */ = {
			isa = PBXTargetDependency;
			target = 5618AAB22A783C900053BAE3 /* Tracker */;
			targetProxy = 5618AACD2A783C910053BAE3 /* PBXContainerItemProxy */;
		};
		5618AAD82A783C910053BAE3 /* PBXTargetDependency */ = {
			isa = PBXTargetDependency;
			target = 5618AAB22A783C900053BAE3 /* Tracker */;
			targetProxy = 5618AAD72A783C910053BAE3 /* PBXContainerItemProxy */;
		};
/* End PBXTargetDependency section */

/* Begin PBXVariantGroup section */
		5618AAC42A783C910053BAE3 /* LaunchScreen.storyboard */ = {
			isa = PBXVariantGroup;
			children = (
				5618AAC52A783C910053BAE3 /* Base */,
			);
			name = LaunchScreen.storyboard;
			sourceTree = "<group>";
		};
/* End PBXVariantGroup section */

/* Begin XCBuildConfiguration section */
		5618AADE2A783C910053BAE3 /* Debug */ = {
			isa = XCBuildConfiguration;
			buildSettings = {
				ALWAYS_SEARCH_USER_PATHS = NO;
				CLANG_ANALYZER_NONNULL = YES;
				CLANG_ANALYZER_NUMBER_OBJECT_CONVERSION = YES_AGGRESSIVE;
				CLANG_CXX_LANGUAGE_STANDARD = "gnu++20";
				CLANG_ENABLE_MODULES = YES;
				CLANG_ENABLE_OBJC_ARC = YES;
				CLANG_ENABLE_OBJC_WEAK = YES;
				CLANG_WARN_BLOCK_CAPTURE_AUTORELEASING = YES;
				CLANG_WARN_BOOL_CONVERSION = YES;
				CLANG_WARN_COMMA = YES;
				CLANG_WARN_CONSTANT_CONVERSION = YES;
				CLANG_WARN_DEPRECATED_OBJC_IMPLEMENTATIONS = YES;
				CLANG_WARN_DIRECT_OBJC_ISA_USAGE = YES_ERROR;
				CLANG_WARN_DOCUMENTATION_COMMENTS = YES;
				CLANG_WARN_EMPTY_BODY = YES;
				CLANG_WARN_ENUM_CONVERSION = YES;
				CLANG_WARN_INFINITE_RECURSION = YES;
				CLANG_WARN_INT_CONVERSION = YES;
				CLANG_WARN_NON_LITERAL_NULL_CONVERSION = YES;
				CLANG_WARN_OBJC_IMPLICIT_RETAIN_SELF = YES;
				CLANG_WARN_OBJC_LITERAL_CONVERSION = YES;
				CLANG_WARN_OBJC_ROOT_CLASS = YES_ERROR;
				CLANG_WARN_QUOTED_INCLUDE_IN_FRAMEWORK_HEADER = YES;
				CLANG_WARN_RANGE_LOOP_ANALYSIS = YES;
				CLANG_WARN_STRICT_PROTOTYPES = YES;
				CLANG_WARN_SUSPICIOUS_MOVE = YES;
				CLANG_WARN_UNGUARDED_AVAILABILITY = YES_AGGRESSIVE;
				CLANG_WARN_UNREACHABLE_CODE = YES;
				CLANG_WARN__DUPLICATE_METHOD_MATCH = YES;
				COPY_PHASE_STRIP = NO;
				DEBUG_INFORMATION_FORMAT = dwarf;
				ENABLE_STRICT_OBJC_MSGSEND = YES;
				ENABLE_TESTABILITY = YES;
				GCC_C_LANGUAGE_STANDARD = gnu11;
				GCC_DYNAMIC_NO_PIC = NO;
				GCC_NO_COMMON_BLOCKS = YES;
				GCC_OPTIMIZATION_LEVEL = 0;
				GCC_PREPROCESSOR_DEFINITIONS = (
					"DEBUG=1",
					"$(inherited)",
				);
				GCC_WARN_64_TO_32_BIT_CONVERSION = YES;
				GCC_WARN_ABOUT_RETURN_TYPE = YES_ERROR;
				GCC_WARN_UNDECLARED_SELECTOR = YES;
				GCC_WARN_UNINITIALIZED_AUTOS = YES_AGGRESSIVE;
				GCC_WARN_UNUSED_FUNCTION = YES;
				GCC_WARN_UNUSED_VARIABLE = YES;
				IPHONEOS_DEPLOYMENT_TARGET = 16.4;
				MTL_ENABLE_DEBUG_INFO = INCLUDE_SOURCE;
				MTL_FAST_MATH = YES;
				ONLY_ACTIVE_ARCH = YES;
				SDKROOT = iphoneos;
				SWIFT_ACTIVE_COMPILATION_CONDITIONS = DEBUG;
				SWIFT_OPTIMIZATION_LEVEL = "-Onone";
			};
			name = Debug;
		};
		5618AADF2A783C910053BAE3 /* Release */ = {
			isa = XCBuildConfiguration;
			buildSettings = {
				ALWAYS_SEARCH_USER_PATHS = NO;
				CLANG_ANALYZER_NONNULL = YES;
				CLANG_ANALYZER_NUMBER_OBJECT_CONVERSION = YES_AGGRESSIVE;
				CLANG_CXX_LANGUAGE_STANDARD = "gnu++20";
				CLANG_ENABLE_MODULES = YES;
				CLANG_ENABLE_OBJC_ARC = YES;
				CLANG_ENABLE_OBJC_WEAK = YES;
				CLANG_WARN_BLOCK_CAPTURE_AUTORELEASING = YES;
				CLANG_WARN_BOOL_CONVERSION = YES;
				CLANG_WARN_COMMA = YES;
				CLANG_WARN_CONSTANT_CONVERSION = YES;
				CLANG_WARN_DEPRECATED_OBJC_IMPLEMENTATIONS = YES;
				CLANG_WARN_DIRECT_OBJC_ISA_USAGE = YES_ERROR;
				CLANG_WARN_DOCUMENTATION_COMMENTS = YES;
				CLANG_WARN_EMPTY_BODY = YES;
				CLANG_WARN_ENUM_CONVERSION = YES;
				CLANG_WARN_INFINITE_RECURSION = YES;
				CLANG_WARN_INT_CONVERSION = YES;
				CLANG_WARN_NON_LITERAL_NULL_CONVERSION = YES;
				CLANG_WARN_OBJC_IMPLICIT_RETAIN_SELF = YES;
				CLANG_WARN_OBJC_LITERAL_CONVERSION = YES;
				CLANG_WARN_OBJC_ROOT_CLASS = YES_ERROR;
				CLANG_WARN_QUOTED_INCLUDE_IN_FRAMEWORK_HEADER = YES;
				CLANG_WARN_RANGE_LOOP_ANALYSIS = YES;
				CLANG_WARN_STRICT_PROTOTYPES = YES;
				CLANG_WARN_SUSPICIOUS_MOVE = YES;
				CLANG_WARN_UNGUARDED_AVAILABILITY = YES_AGGRESSIVE;
				CLANG_WARN_UNREACHABLE_CODE = YES;
				CLANG_WARN__DUPLICATE_METHOD_MATCH = YES;
				COPY_PHASE_STRIP = NO;
				DEBUG_INFORMATION_FORMAT = "dwarf-with-dsym";
				ENABLE_NS_ASSERTIONS = NO;
				ENABLE_STRICT_OBJC_MSGSEND = YES;
				GCC_C_LANGUAGE_STANDARD = gnu11;
				GCC_NO_COMMON_BLOCKS = YES;
				GCC_WARN_64_TO_32_BIT_CONVERSION = YES;
				GCC_WARN_ABOUT_RETURN_TYPE = YES_ERROR;
				GCC_WARN_UNDECLARED_SELECTOR = YES;
				GCC_WARN_UNINITIALIZED_AUTOS = YES_AGGRESSIVE;
				GCC_WARN_UNUSED_FUNCTION = YES;
				GCC_WARN_UNUSED_VARIABLE = YES;
				IPHONEOS_DEPLOYMENT_TARGET = 16.4;
				MTL_ENABLE_DEBUG_INFO = NO;
				MTL_FAST_MATH = YES;
				SDKROOT = iphoneos;
				SWIFT_COMPILATION_MODE = wholemodule;
				SWIFT_OPTIMIZATION_LEVEL = "-O";
				VALIDATE_PRODUCT = YES;
			};
			name = Release;
		};
		5618AAE12A783C910053BAE3 /* Debug */ = {
			isa = XCBuildConfiguration;
			buildSettings = {
				ASSETCATALOG_COMPILER_APPICON_NAME = AppIcon;
				ASSETCATALOG_COMPILER_GLOBAL_ACCENT_COLOR_NAME = AccentColor;
				CODE_SIGN_STYLE = Automatic;
				CURRENT_PROJECT_VERSION = 1;
				DEVELOPMENT_TEAM = MA3N6D4KPL;
				GENERATE_INFOPLIST_FILE = YES;
				INFOPLIST_FILE = Tracker/Info.plist;
				INFOPLIST_KEY_UIApplicationSupportsIndirectInputEvents = YES;
				INFOPLIST_KEY_UILaunchStoryboardName = LaunchScreen.storyboard;
				INFOPLIST_KEY_UISupportedInterfaceOrientations_iPad = "UIInterfaceOrientationPortrait UIInterfaceOrientationPortraitUpsideDown UIInterfaceOrientationLandscapeLeft UIInterfaceOrientationLandscapeRight";
				INFOPLIST_KEY_UISupportedInterfaceOrientations_iPhone = "UIInterfaceOrientationPortrait UIInterfaceOrientationLandscapeLeft UIInterfaceOrientationLandscapeRight";
				IPHONEOS_DEPLOYMENT_TARGET = 13.4;
				LD_RUNPATH_SEARCH_PATHS = (
					"$(inherited)",
					"@executable_path/Frameworks",
				);
				MARKETING_VERSION = 1.0;
				PRODUCT_BUNDLE_IDENTIFIER = com.maximrustamov.Tracker;
				PRODUCT_NAME = "$(TARGET_NAME)";
				SWIFT_EMIT_LOC_STRINGS = YES;
				SWIFT_VERSION = 5.0;
				TARGETED_DEVICE_FAMILY = "1,2";
			};
			name = Debug;
		};
		5618AAE22A783C910053BAE3 /* Release */ = {
			isa = XCBuildConfiguration;
			buildSettings = {
				ASSETCATALOG_COMPILER_APPICON_NAME = AppIcon;
				ASSETCATALOG_COMPILER_GLOBAL_ACCENT_COLOR_NAME = AccentColor;
				CODE_SIGN_STYLE = Automatic;
				CURRENT_PROJECT_VERSION = 1;
				DEVELOPMENT_TEAM = MA3N6D4KPL;
				GENERATE_INFOPLIST_FILE = YES;
				INFOPLIST_FILE = Tracker/Info.plist;
				INFOPLIST_KEY_UIApplicationSupportsIndirectInputEvents = YES;
				INFOPLIST_KEY_UILaunchStoryboardName = LaunchScreen.storyboard;
				INFOPLIST_KEY_UISupportedInterfaceOrientations_iPad = "UIInterfaceOrientationPortrait UIInterfaceOrientationPortraitUpsideDown UIInterfaceOrientationLandscapeLeft UIInterfaceOrientationLandscapeRight";
				INFOPLIST_KEY_UISupportedInterfaceOrientations_iPhone = "UIInterfaceOrientationPortrait UIInterfaceOrientationLandscapeLeft UIInterfaceOrientationLandscapeRight";
				IPHONEOS_DEPLOYMENT_TARGET = 13.4;
				LD_RUNPATH_SEARCH_PATHS = (
					"$(inherited)",
					"@executable_path/Frameworks",
				);
				MARKETING_VERSION = 1.0;
				PRODUCT_BUNDLE_IDENTIFIER = com.maximrustamov.Tracker;
				PRODUCT_NAME = "$(TARGET_NAME)";
				SWIFT_EMIT_LOC_STRINGS = YES;
				SWIFT_VERSION = 5.0;
				TARGETED_DEVICE_FAMILY = "1,2";
			};
			name = Release;
		};
		5618AAE42A783C910053BAE3 /* Debug */ = {
			isa = XCBuildConfiguration;
			buildSettings = {
				ALWAYS_EMBED_SWIFT_STANDARD_LIBRARIES = YES;
				BUNDLE_LOADER = "$(TEST_HOST)";
				CODE_SIGN_STYLE = Automatic;
				CURRENT_PROJECT_VERSION = 1;
				DEVELOPMENT_TEAM = MA3N6D4KPL;
				GENERATE_INFOPLIST_FILE = YES;
				IPHONEOS_DEPLOYMENT_TARGET = 16.4;
				MARKETING_VERSION = 1.0;
				PRODUCT_BUNDLE_IDENTIFIER = com.maximrustamov.TrackerTests;
				PRODUCT_NAME = "$(TARGET_NAME)";
				SWIFT_EMIT_LOC_STRINGS = NO;
				SWIFT_VERSION = 5.0;
				TARGETED_DEVICE_FAMILY = "1,2";
				TEST_HOST = "$(BUILT_PRODUCTS_DIR)/Tracker.app/$(BUNDLE_EXECUTABLE_FOLDER_PATH)/Tracker";
			};
			name = Debug;
		};
		5618AAE52A783C910053BAE3 /* Release */ = {
			isa = XCBuildConfiguration;
			buildSettings = {
				ALWAYS_EMBED_SWIFT_STANDARD_LIBRARIES = YES;
				BUNDLE_LOADER = "$(TEST_HOST)";
				CODE_SIGN_STYLE = Automatic;
				CURRENT_PROJECT_VERSION = 1;
				DEVELOPMENT_TEAM = MA3N6D4KPL;
				GENERATE_INFOPLIST_FILE = YES;
				IPHONEOS_DEPLOYMENT_TARGET = 16.4;
				MARKETING_VERSION = 1.0;
				PRODUCT_BUNDLE_IDENTIFIER = com.maximrustamov.TrackerTests;
				PRODUCT_NAME = "$(TARGET_NAME)";
				SWIFT_EMIT_LOC_STRINGS = NO;
				SWIFT_VERSION = 5.0;
				TARGETED_DEVICE_FAMILY = "1,2";
				TEST_HOST = "$(BUILT_PRODUCTS_DIR)/Tracker.app/$(BUNDLE_EXECUTABLE_FOLDER_PATH)/Tracker";
			};
			name = Release;
		};
		5618AAE72A783C910053BAE3 /* Debug */ = {
			isa = XCBuildConfiguration;
			buildSettings = {
				ALWAYS_EMBED_SWIFT_STANDARD_LIBRARIES = YES;
				CODE_SIGN_STYLE = Automatic;
				CURRENT_PROJECT_VERSION = 1;
				DEVELOPMENT_TEAM = MA3N6D4KPL;
				GENERATE_INFOPLIST_FILE = YES;
				MARKETING_VERSION = 1.0;
				PRODUCT_BUNDLE_IDENTIFIER = com.maximrustamov.TrackerUITests;
				PRODUCT_NAME = "$(TARGET_NAME)";
				SWIFT_EMIT_LOC_STRINGS = NO;
				SWIFT_VERSION = 5.0;
				TARGETED_DEVICE_FAMILY = "1,2";
				TEST_TARGET_NAME = Tracker;
			};
			name = Debug;
		};
		5618AAE82A783C910053BAE3 /* Release */ = {
			isa = XCBuildConfiguration;
			buildSettings = {
				ALWAYS_EMBED_SWIFT_STANDARD_LIBRARIES = YES;
				CODE_SIGN_STYLE = Automatic;
				CURRENT_PROJECT_VERSION = 1;
				DEVELOPMENT_TEAM = MA3N6D4KPL;
				GENERATE_INFOPLIST_FILE = YES;
				MARKETING_VERSION = 1.0;
				PRODUCT_BUNDLE_IDENTIFIER = com.maximrustamov.TrackerUITests;
				PRODUCT_NAME = "$(TARGET_NAME)";
				SWIFT_EMIT_LOC_STRINGS = NO;
				SWIFT_VERSION = 5.0;
				TARGETED_DEVICE_FAMILY = "1,2";
				TEST_TARGET_NAME = Tracker;
			};
			name = Release;
		};
/* End XCBuildConfiguration section */

/* Begin XCConfigurationList section */
		5618AAAE2A783C900053BAE3 /* Build configuration list for PBXProject "Tracker" */ = {
			isa = XCConfigurationList;
			buildConfigurations = (
				5618AADE2A783C910053BAE3 /* Debug */,
				5618AADF2A783C910053BAE3 /* Release */,
			);
			defaultConfigurationIsVisible = 0;
			defaultConfigurationName = Release;
		};
		5618AAE02A783C910053BAE3 /* Build configuration list for PBXNativeTarget "Tracker" */ = {
			isa = XCConfigurationList;
			buildConfigurations = (
				5618AAE12A783C910053BAE3 /* Debug */,
				5618AAE22A783C910053BAE3 /* Release */,
			);
			defaultConfigurationIsVisible = 0;
			defaultConfigurationName = Release;
		};
		5618AAE32A783C910053BAE3 /* Build configuration list for PBXNativeTarget "TrackerTests" */ = {
			isa = XCConfigurationList;
			buildConfigurations = (
				5618AAE42A783C910053BAE3 /* Debug */,
				5618AAE52A783C910053BAE3 /* Release */,
			);
			defaultConfigurationIsVisible = 0;
			defaultConfigurationName = Release;
		};
		5618AAE62A783C910053BAE3 /* Build configuration list for PBXNativeTarget "TrackerUITests" */ = {
			isa = XCConfigurationList;
			buildConfigurations = (
				5618AAE72A783C910053BAE3 /* Debug */,
				5618AAE82A783C910053BAE3 /* Release */,
			);
			defaultConfigurationIsVisible = 0;
			defaultConfigurationName = Release;
		};
/* End XCConfigurationList section */

/* Begin XCVersionGroup section */
		5618AABF2A783C900053BAE3 /* Tracker.xcdatamodeld */ = {
			isa = XCVersionGroup;
			children = (
				5618AAC02A783C900053BAE3 /* Tracker.xcdatamodel */,
			);
			currentVersion = 5618AAC02A783C900053BAE3 /* Tracker.xcdatamodel */;
			path = Tracker.xcdatamodeld;
			sourceTree = "<group>";
			versionGroupType = wrapper.xcdatamodel;
		};
/* End XCVersionGroup section */
	};
	rootObject = 5618AAAB2A783C900053BAE3 /* Project object */;
}
